{
  "name": "question_9",
  "version": "1.0.0",
  "lockfileVersion": 3,
  "requires": true,
  "packages": {
    "": {
      "name": "question_9",
      "version": "1.0.0",
      "license": "ISC",
      "dependencies": {
        "question_9": "file:"
      }
    },
    "node_modules/question_9": {
      "resolved": "",
      "link": true
    }
  }
}
